<?xml version="1.0" encoding="UTF-8" standalone="yes" ?>
<CodeBlocks_project_file>
	<FileVersion major="1" minor="6" />
	<Project>
		<Option title="ASCII Lemmings" />
		<Option pch_mode="2" />
		<Option compiler="gcc" />
		<Build>
			<Target title="Debug">
				<Option output="bin\Debug\ASCII Lemmings" prefix_auto="1" extension_auto="1" />
				<Option object_output="obj\Debug\" />
				<Option type="1" />
				<Option compiler="gcc" />
				<Compiler>
					<Add option="-g" />
					<Add directory="D:\CodeBlocks\pdcurs34\win32" />
					<Add directory="D:\CodeBlocks\pdcurs34" />
				</Compiler>
				<ResourceCompiler>
					<Add directory="D:\CodeBlocks\pdcurs34\win32" />
					<Add directory="D:\CodeBlocks\pdcurs34" />
				</ResourceCompiler>
				<Linker>
					<Add option="-lwinmm" />
					<Add library="D:\CodeBlocks\pdcurs34\win32\panel.a" />
					<Add library="D:\CodeBlocks\pdcurs34\win32\pdcurses.a" />
					<Add directory="D:\CodeBlocks\pdcurs34\win32" />
					<Add directory="D:\CodeBlocks\pdcurs34" />
				</Linker>
			</Target>
			<Target title="Release">
				<Option output="bin\Release\ASCII Lemmings" prefix_auto="1" extension_auto="1" />
				<Option object_output="obj\Release\" />
				<Option type="1" />
				<Option compiler="gcc" />
				<Compiler>
					<Add option="-O2" />
				</Compiler>
				<Linker>
					<Add option="-s" />
				</Linker>
			</Target>
		</Build>
		<Compiler>
			<Add option="-Wall" />
			<Add option="-fexceptions" />
		</Compiler>
		<Unit filename="Draw.cpp" />
		<Unit filename="Draw.h" />
		<Unit filename="GAME.h" />
		<Unit filename="Keys.h" />
		<Unit filename="main.cpp" />
		<Extensions>
			<code_completion />
			<debugger />
		</Extensions>
	</Project>
</CodeBlocks_project_file>
